
Microsoft Visual Studio Solution File, Format Version 12.00
# Visual Studio 15
VisualStudioVersion = 15.0.27703.2042
MinimumVisualStudioVersion = 10.0.40219.1
Project("{FAE04EC0-301F-11D3-BF4B-00C04F79EFBC}") = "ProyectoFinalProgralll", "ProyectoFinalProgralll\ProyectoFinalProgralll.csproj", "{BAFC29E8-7E31-47B0-A10A-90A35A0AC9F5}"
EndProject
Global
	GlobalSection(SolutionConfigurationPlatforms) = preSolution
		Debug|Any CPU = Debug|Any CPU
		Release|Any CPU = Release|Any CPU
	EndGlobalSection
	GlobalSection(ProjectConfigurationPlatforms) = postSolution
		{BAFC29E8-7E31-47B0-A10A-90A35A0AC9F5}.Debug|Any CPU.ActiveCfg = Debug|Any CPU
		{BAFC29E8-7E31-47B0-A10A-90A35A0AC9F5}.Debug|Any CPU.Build.0 = Debug|Any CPU
		{BAFC29E8-7E31-47B0-A10A-90A35A0AC9F5}.Release|Any CPU.ActiveCfg = Release|Any CPU
		{BAFC29E8-7E31-47B0-A10A-90A35A0AC9F5}.Release|Any CPU.Build.0 = Release|Any CPU
	EndGlobalSection
	GlobalSection(SolutionProperties) = preSolution
		HideSolutionNode = FALSE
	EndGlobalSection
	GlobalSection(ExtensibilityGlobals) = postSolution
		SolutionGuid = {719B6ED8-B8D2-418D-9BFC-0626F429D5D6}
	EndGlobalSection
EndGlobal
